
Microsoft Visual Studio Solution File, Format Version 12.00
# Visual Studio Version 17
VisualStudioVersion = 17.4.33205.214
MinimumVisualStudioVersion = 10.0.40219.1
Project("{FAE04EC0-301F-11D3-BF4B-00C04F79EFBC}") = "Normativo.Cliente", "Normativo.Cliente\Normativo.Cliente.csproj", "{BD97C786-C6D5-4708-9034-DF46E70B9511}"
EndProject
Project("{9A19103F-16F7-4668-BE54-9A1E7A4F7556}") = "Shared", "..\..\Microservices\Normativo.ULS.Services\Shared\Shared.csproj", "{EE7293C5-6C80-4950-B85F-9C53BE8C930F}"
EndProject
Project("{9A19103F-16F7-4668-BE54-9A1E7A4F7556}") = "Entities", "..\..\Microservices\Normativo.ULS.Services\Entities\Entities.csproj", "{2310A546-AA02-411C-97F3-196D2F1325DF}"
EndProject
Global
	GlobalSection(SolutionConfigurationPlatforms) = preSolution
		Debug|Any CPU = Debug|Any CPU
		Release|Any CPU = Release|Any CPU
	EndGlobalSection
	GlobalSection(ProjectConfigurationPlatforms) = postSolution
		{BD97C786-C6D5-4708-9034-DF46E70B9511}.Debug|Any CPU.ActiveCfg = Debug|Any CPU
		{BD97C786-C6D5-4708-9034-DF46E70B9511}.Debug|Any CPU.Build.0 = Debug|Any CPU
		{BD97C786-C6D5-4708-9034-DF46E70B9511}.Release|Any CPU.ActiveCfg = Release|Any CPU
		{BD97C786-C6D5-4708-9034-DF46E70B9511}.Release|Any CPU.Build.0 = Release|Any CPU
		{EE7293C5-6C80-4950-B85F-9C53BE8C930F}.Debug|Any CPU.ActiveCfg = Debug|Any CPU
		{EE7293C5-6C80-4950-B85F-9C53BE8C930F}.Debug|Any CPU.Build.0 = Debug|Any CPU
		{EE7293C5-6C80-4950-B85F-9C53BE8C930F}.Release|Any CPU.ActiveCfg = Release|Any CPU
		{EE7293C5-6C80-4950-B85F-9C53BE8C930F}.Release|Any CPU.Build.0 = Release|Any CPU
		{2310A546-AA02-411C-97F3-196D2F1325DF}.Debug|Any CPU.ActiveCfg = Debug|Any CPU
		{2310A546-AA02-411C-97F3-196D2F1325DF}.Debug|Any CPU.Build.0 = Debug|Any CPU
		{2310A546-AA02-411C-97F3-196D2F1325DF}.Release|Any CPU.ActiveCfg = Release|Any CPU
		{2310A546-AA02-411C-97F3-196D2F1325DF}.Release|Any CPU.Build.0 = Release|Any CPU
	EndGlobalSection
	GlobalSection(SolutionProperties) = preSolution
		HideSolutionNode = FALSE
	EndGlobalSection
	GlobalSection(ExtensibilityGlobals) = postSolution
		SolutionGuid = {86B8969C-B0AD-4552-B474-54A8C2890F7C}
	EndGlobalSection
EndGlobal
